
Microsoft Visual Studio Solution File, Format Version 12.00
# Visual Studio Version 17
VisualStudioVersion = 17.0.31903.59
MinimumVisualStudioVersion = 10.0.40219.1
Project("{FAE04EC0-301F-11D3-BF4B-00C04F79EFBC}") = "DatabaseConnector", "DatabaseConnector\DatabaseConnector.csproj", "{43ECCCF7-92EC-4407-A647-D5B5DA16267D}"
EndProject
Project("{FAE04EC0-301F-11D3-BF4B-00C04F79EFBC}") = "RabbitMqDefault", "RabbitMqDefault\RabbitMqDefault.csproj", "{A49D36E2-D53E-4DB1-BD39-8EA19EC6251B}"
EndProject
Project("{FAE04EC0-301F-11D3-BF4B-00C04F79EFBC}") = "PostService", "PostService\PostService.csproj", "{5513AE61-DC7E-418D-BB0C-D13312B44625}"
EndProject
Project("{FAE04EC0-301F-11D3-BF4B-00C04F79EFBC}") = "TweetIt", "TweetIt\TweetIt.csproj", "{19EC49EF-5BE4-43EB-9745-3A202AB7F413}"
EndProject
Project("{FAE04EC0-301F-11D3-BF4B-00C04F79EFBC}") = "AccountService", "AccountService\AccountService.csproj", "{6C935B99-6C8C-449F-B4FD-E63F1694E340}"
EndProject
Project("{FAE04EC0-301F-11D3-BF4B-00C04F79EFBC}") = "TweetItTest", "TweetItTest\TweetItTest.csproj", "{7A3168AF-932A-47EF-A30A-DD95119EBFBA}"
EndProject
Project("{FAE04EC0-301F-11D3-BF4B-00C04F79EFBC}") = "TweetIt_apiGateway", "TweetIt_apiGateway\TweetIt_apiGateway.csproj", "{CEB57F88-3A45-40E6-98FA-7ADA5D4C4149}"
EndProject
Project("{FAE04EC0-301F-11D3-BF4B-00C04F79EFBC}") = "ServiceMonitoring", "ServiceMonitoring\ServiceMonitoring.csproj", "{6EE7185C-E8C4-47B5-AA89-B138A033828B}"
EndProject
Project("{FAE04EC0-301F-11D3-BF4B-00C04F79EFBC}") = "OcelotDemoApplication", "OcelotDemoApplication\OcelotDemoApplication.csproj", "{15763C76-F443-4D82-AFCA-1736246EB1EF}"
EndProject
Global
	GlobalSection(SolutionConfigurationPlatforms) = preSolution
		Debug|Any CPU = Debug|Any CPU
		Release|Any CPU = Release|Any CPU
	EndGlobalSection
	GlobalSection(ProjectConfigurationPlatforms) = postSolution
		{43ECCCF7-92EC-4407-A647-D5B5DA16267D}.Debug|Any CPU.ActiveCfg = Debug|Any CPU
		{43ECCCF7-92EC-4407-A647-D5B5DA16267D}.Debug|Any CPU.Build.0 = Debug|Any CPU
		{43ECCCF7-92EC-4407-A647-D5B5DA16267D}.Release|Any CPU.ActiveCfg = Release|Any CPU
		{43ECCCF7-92EC-4407-A647-D5B5DA16267D}.Release|Any CPU.Build.0 = Release|Any CPU
		{A49D36E2-D53E-4DB1-BD39-8EA19EC6251B}.Debug|Any CPU.ActiveCfg = Debug|Any CPU
		{A49D36E2-D53E-4DB1-BD39-8EA19EC6251B}.Debug|Any CPU.Build.0 = Debug|Any CPU
		{A49D36E2-D53E-4DB1-BD39-8EA19EC6251B}.Release|Any CPU.ActiveCfg = Release|Any CPU
		{A49D36E2-D53E-4DB1-BD39-8EA19EC6251B}.Release|Any CPU.Build.0 = Release|Any CPU
		{5513AE61-DC7E-418D-BB0C-D13312B44625}.Debug|Any CPU.ActiveCfg = Debug|Any CPU
		{5513AE61-DC7E-418D-BB0C-D13312B44625}.Debug|Any CPU.Build.0 = Debug|Any CPU
		{5513AE61-DC7E-418D-BB0C-D13312B44625}.Release|Any CPU.ActiveCfg = Release|Any CPU
		{5513AE61-DC7E-418D-BB0C-D13312B44625}.Release|Any CPU.Build.0 = Release|Any CPU
		{19EC49EF-5BE4-43EB-9745-3A202AB7F413}.Debug|Any CPU.ActiveCfg = Debug|Any CPU
		{19EC49EF-5BE4-43EB-9745-3A202AB7F413}.Debug|Any CPU.Build.0 = Debug|Any CPU
		{19EC49EF-5BE4-43EB-9745-3A202AB7F413}.Release|Any CPU.ActiveCfg = Release|Any CPU
		{19EC49EF-5BE4-43EB-9745-3A202AB7F413}.Release|Any CPU.Build.0 = Release|Any CPU
		{6C935B99-6C8C-449F-B4FD-E63F1694E340}.Debug|Any CPU.ActiveCfg = Debug|Any CPU
		{6C935B99-6C8C-449F-B4FD-E63F1694E340}.Debug|Any CPU.Build.0 = Debug|Any CPU
		{6C935B99-6C8C-449F-B4FD-E63F1694E340}.Release|Any CPU.ActiveCfg = Release|Any CPU
		{6C935B99-6C8C-449F-B4FD-E63F1694E340}.Release|Any CPU.Build.0 = Release|Any CPU
		{7A3168AF-932A-47EF-A30A-DD95119EBFBA}.Debug|Any CPU.ActiveCfg = Debug|Any CPU
		{7A3168AF-932A-47EF-A30A-DD95119EBFBA}.Debug|Any CPU.Build.0 = Debug|Any CPU
		{7A3168AF-932A-47EF-A30A-DD95119EBFBA}.Release|Any CPU.ActiveCfg = Release|Any CPU
		{7A3168AF-932A-47EF-A30A-DD95119EBFBA}.Release|Any CPU.Build.0 = Release|Any CPU
		{CEB57F88-3A45-40E6-98FA-7ADA5D4C4149}.Debug|Any CPU.ActiveCfg = Debug|Any CPU
		{CEB57F88-3A45-40E6-98FA-7ADA5D4C4149}.Debug|Any CPU.Build.0 = Debug|Any CPU
		{CEB57F88-3A45-40E6-98FA-7ADA5D4C4149}.Release|Any CPU.ActiveCfg = Release|Any CPU
		{CEB57F88-3A45-40E6-98FA-7ADA5D4C4149}.Release|Any CPU.Build.0 = Release|Any CPU
		{6EE7185C-E8C4-47B5-AA89-B138A033828B}.Debug|Any CPU.ActiveCfg = Debug|Any CPU
		{6EE7185C-E8C4-47B5-AA89-B138A033828B}.Debug|Any CPU.Build.0 = Debug|Any CPU
		{6EE7185C-E8C4-47B5-AA89-B138A033828B}.Release|Any CPU.ActiveCfg = Release|Any CPU
		{6EE7185C-E8C4-47B5-AA89-B138A033828B}.Release|Any CPU.Build.0 = Release|Any CPU
		{15763C76-F443-4D82-AFCA-1736246EB1EF}.Debug|Any CPU.ActiveCfg = Debug|Any CPU
		{15763C76-F443-4D82-AFCA-1736246EB1EF}.Debug|Any CPU.Build.0 = Debug|Any CPU
		{15763C76-F443-4D82-AFCA-1736246EB1EF}.Release|Any CPU.ActiveCfg = Release|Any CPU
		{15763C76-F443-4D82-AFCA-1736246EB1EF}.Release|Any CPU.Build.0 = Release|Any CPU
	EndGlobalSection
	GlobalSection(SolutionProperties) = preSolution
		HideSolutionNode = FALSE
	EndGlobalSection
EndGlobal
