
Microsoft Visual Studio Solution File, Format Version 12.00
# Visual Studio Version 17
VisualStudioVersion = 17.0.31903.59
MinimumVisualStudioVersion = 10.0.40219.1
Project("{2150E333-8FDC-42A3-9474-1A3956D46DE8}") = "lib", "lib", "{E719B469-1062-48F2-AD67-909220689431}"
EndProject
Project("{FAE04EC0-301F-11D3-BF4B-00C04F79EFBC}") = "Service", "lib\Service\Service.csproj", "{73E13D9C-47F8-48D5-AF76-1EE3736F7960}"
EndProject
Project("{FAE04EC0-301F-11D3-BF4B-00C04F79EFBC}") = "BitToolbox", "lib\BitToolbox\BitToolbox.csproj", "{18FB6704-1E4F-488B-99FE-9B771C55AED7}"
EndProject
Project("{2150E333-8FDC-42A3-9474-1A3956D46DE8}") = "services", "services", "{E00DB817-5196-48A2-9C5F-C2B27F0B8E3E}"
EndProject
Project("{FAE04EC0-301F-11D3-BF4B-00C04F79EFBC}") = "AccountService", "services\AccountService\AccountService.csproj", "{53C2B677-54A0-49A5-99F2-704C0E555DBB}"
EndProject
Project("{FAE04EC0-301F-11D3-BF4B-00C04F79EFBC}") = "PackageHandler", "lib\PackageHandler\PackageHandler.csproj", "{C96D99A9-B419-49C9-9DA3-CD586F7CDD83}"
EndProject
Project("{2150E333-8FDC-42A3-9474-1A3956D46DE8}") = "Demo", "Demo", "{8539DE3E-DD28-4D45-9A68-E8BADAFE3EDB}"
EndProject
Project("{FAE04EC0-301F-11D3-BF4B-00C04F79EFBC}") = "DemoTestingApplication", "Demo\DemoTestingApplication\DemoTestingApplication.csproj", "{7482B25F-8D85-4BE4-8C51-7F532F7849D2}"
EndProject
Global
	GlobalSection(SolutionConfigurationPlatforms) = preSolution
		Debug|Any CPU = Debug|Any CPU
		Release|Any CPU = Release|Any CPU
	EndGlobalSection
	GlobalSection(SolutionProperties) = preSolution
		HideSolutionNode = FALSE
	EndGlobalSection
	GlobalSection(ProjectConfigurationPlatforms) = postSolution
		{73E13D9C-47F8-48D5-AF76-1EE3736F7960}.Debug|Any CPU.ActiveCfg = Debug|Any CPU
		{73E13D9C-47F8-48D5-AF76-1EE3736F7960}.Debug|Any CPU.Build.0 = Debug|Any CPU
		{73E13D9C-47F8-48D5-AF76-1EE3736F7960}.Release|Any CPU.ActiveCfg = Release|Any CPU
		{73E13D9C-47F8-48D5-AF76-1EE3736F7960}.Release|Any CPU.Build.0 = Release|Any CPU
		{18FB6704-1E4F-488B-99FE-9B771C55AED7}.Debug|Any CPU.ActiveCfg = Debug|Any CPU
		{18FB6704-1E4F-488B-99FE-9B771C55AED7}.Debug|Any CPU.Build.0 = Debug|Any CPU
		{18FB6704-1E4F-488B-99FE-9B771C55AED7}.Release|Any CPU.ActiveCfg = Release|Any CPU
		{18FB6704-1E4F-488B-99FE-9B771C55AED7}.Release|Any CPU.Build.0 = Release|Any CPU
		{53C2B677-54A0-49A5-99F2-704C0E555DBB}.Debug|Any CPU.ActiveCfg = Debug|Any CPU
		{53C2B677-54A0-49A5-99F2-704C0E555DBB}.Debug|Any CPU.Build.0 = Debug|Any CPU
		{53C2B677-54A0-49A5-99F2-704C0E555DBB}.Release|Any CPU.ActiveCfg = Release|Any CPU
		{53C2B677-54A0-49A5-99F2-704C0E555DBB}.Release|Any CPU.Build.0 = Release|Any CPU
		{C96D99A9-B419-49C9-9DA3-CD586F7CDD83}.Debug|Any CPU.ActiveCfg = Debug|Any CPU
		{C96D99A9-B419-49C9-9DA3-CD586F7CDD83}.Debug|Any CPU.Build.0 = Debug|Any CPU
		{C96D99A9-B419-49C9-9DA3-CD586F7CDD83}.Release|Any CPU.ActiveCfg = Release|Any CPU
		{C96D99A9-B419-49C9-9DA3-CD586F7CDD83}.Release|Any CPU.Build.0 = Release|Any CPU
		{7482B25F-8D85-4BE4-8C51-7F532F7849D2}.Debug|Any CPU.ActiveCfg = Debug|Any CPU
		{7482B25F-8D85-4BE4-8C51-7F532F7849D2}.Debug|Any CPU.Build.0 = Debug|Any CPU
		{7482B25F-8D85-4BE4-8C51-7F532F7849D2}.Release|Any CPU.ActiveCfg = Release|Any CPU
		{7482B25F-8D85-4BE4-8C51-7F532F7849D2}.Release|Any CPU.Build.0 = Release|Any CPU
	EndGlobalSection
	GlobalSection(NestedProjects) = preSolution
		{73E13D9C-47F8-48D5-AF76-1EE3736F7960} = {E719B469-1062-48F2-AD67-909220689431}
		{18FB6704-1E4F-488B-99FE-9B771C55AED7} = {E719B469-1062-48F2-AD67-909220689431}
		{53C2B677-54A0-49A5-99F2-704C0E555DBB} = {E00DB817-5196-48A2-9C5F-C2B27F0B8E3E}
		{C96D99A9-B419-49C9-9DA3-CD586F7CDD83} = {E719B469-1062-48F2-AD67-909220689431}
		{7482B25F-8D85-4BE4-8C51-7F532F7849D2} = {8539DE3E-DD28-4D45-9A68-E8BADAFE3EDB}
	EndGlobalSection
EndGlobal
