
Microsoft Visual Studio Solution File, Format Version 12.00
# Visual Studio Version 17
VisualStudioVersion = 17.0.31903.59
MinimumVisualStudioVersion = 10.0.40219.1
Project("{2150E333-8FDC-42A3-9474-1A3956D46DE8}") = "lib", "lib", "{E719B469-1062-48F2-AD67-909220689431}"
EndProject
Project("{FAE04EC0-301F-11D3-BF4B-00C04F79EFBC}") = "Service", "lib\Service\Service.csproj", "{73E13D9C-47F8-48D5-AF76-1EE3736F7960}"
EndProject
Project("{FAE04EC0-301F-11D3-BF4B-00C04F79EFBC}") = "BitToolbox", "lib\BitToolbox\BitToolbox.csproj", "{18FB6704-1E4F-488B-99FE-9B771C55AED7}"
EndProject
Project("{FAE04EC0-301F-11D3-BF4B-00C04F79EFBC}") = "PackageHandler", "lib\PackageHandler\PackageHandler.csproj", "{C96D99A9-B419-49C9-9DA3-CD586F7CDD83}"
EndProject
Project("{FAE04EC0-301F-11D3-BF4B-00C04F79EFBC}") = "PostService", "PostService\PostService.csproj", "{705EED73-A996-414F-B483-0AF1AD639C6B}"
EndProject
Project("{FAE04EC0-301F-11D3-BF4B-00C04F79EFBC}") = "MessageServer", "messageServer\MessageServer.csproj", "{960C6D4D-D63C-4149-86DB-E3EA8F6CA5F6}"
EndProject
Project("{FAE04EC0-301F-11D3-BF4B-00C04F79EFBC}") = "DbHandler", "DbHandler\DbHandler.csproj", "{6B081AA3-19FD-4111-AFA3-96AD4C07FDD0}"
EndProject
Project("{FAE04EC0-301F-11D3-BF4B-00C04F79EFBC}") = "AccountService", "AccountService\AccountService.csproj", "{B07485B8-11C1-4425-AFC3-641B54906758}"
EndProject
Project("{FAE04EC0-301F-11D3-BF4B-00C04F79EFBC}") = "SimulatorApp", "SimulatorApp\SimulatorApp.csproj", "{3AD74EE9-DF3E-488E-8170-317C233742A9}"
EndProject
Project("{FAE04EC0-301F-11D3-BF4B-00C04F79EFBC}") = "TraceSystem", "lib\TraceSystem\TraceSystem.csproj", "{A3B10DD0-50C4-4383-845E-CF7E0C2FE8BD}"
EndProject
Project("{FAE04EC0-301F-11D3-BF4B-00C04F79EFBC}") = "MsBook", "MsBook\MsBook.csproj", "{F27AAE56-B0AB-4A01-8893-75DEEE7CC71D}"
EndProject
Project("{FAE04EC0-301F-11D3-BF4B-00C04F79EFBC}") = "ApiGateway", "ApiGateway\ApiGateway.csproj", "{B5F2EB7A-A925-4A05-9402-0955197C6831}"
EndProject
Global
	GlobalSection(SolutionConfigurationPlatforms) = preSolution
		Debug|Any CPU = Debug|Any CPU
		Release|Any CPU = Release|Any CPU
	EndGlobalSection
	GlobalSection(ProjectConfigurationPlatforms) = postSolution
		{73E13D9C-47F8-48D5-AF76-1EE3736F7960}.Debug|Any CPU.ActiveCfg = Debug|Any CPU
		{73E13D9C-47F8-48D5-AF76-1EE3736F7960}.Debug|Any CPU.Build.0 = Debug|Any CPU
		{73E13D9C-47F8-48D5-AF76-1EE3736F7960}.Release|Any CPU.ActiveCfg = Release|Any CPU
		{73E13D9C-47F8-48D5-AF76-1EE3736F7960}.Release|Any CPU.Build.0 = Release|Any CPU
		{18FB6704-1E4F-488B-99FE-9B771C55AED7}.Debug|Any CPU.ActiveCfg = Debug|Any CPU
		{18FB6704-1E4F-488B-99FE-9B771C55AED7}.Debug|Any CPU.Build.0 = Debug|Any CPU
		{18FB6704-1E4F-488B-99FE-9B771C55AED7}.Release|Any CPU.ActiveCfg = Release|Any CPU
		{18FB6704-1E4F-488B-99FE-9B771C55AED7}.Release|Any CPU.Build.0 = Release|Any CPU
		{C96D99A9-B419-49C9-9DA3-CD586F7CDD83}.Debug|Any CPU.ActiveCfg = Debug|Any CPU
		{C96D99A9-B419-49C9-9DA3-CD586F7CDD83}.Debug|Any CPU.Build.0 = Debug|Any CPU
		{C96D99A9-B419-49C9-9DA3-CD586F7CDD83}.Release|Any CPU.ActiveCfg = Release|Any CPU
		{C96D99A9-B419-49C9-9DA3-CD586F7CDD83}.Release|Any CPU.Build.0 = Release|Any CPU
		{705EED73-A996-414F-B483-0AF1AD639C6B}.Debug|Any CPU.ActiveCfg = Debug|Any CPU
		{705EED73-A996-414F-B483-0AF1AD639C6B}.Debug|Any CPU.Build.0 = Debug|Any CPU
		{705EED73-A996-414F-B483-0AF1AD639C6B}.Release|Any CPU.ActiveCfg = Release|Any CPU
		{705EED73-A996-414F-B483-0AF1AD639C6B}.Release|Any CPU.Build.0 = Release|Any CPU
		{960C6D4D-D63C-4149-86DB-E3EA8F6CA5F6}.Debug|Any CPU.ActiveCfg = Debug|Any CPU
		{960C6D4D-D63C-4149-86DB-E3EA8F6CA5F6}.Debug|Any CPU.Build.0 = Debug|Any CPU
		{960C6D4D-D63C-4149-86DB-E3EA8F6CA5F6}.Release|Any CPU.ActiveCfg = Release|Any CPU
		{960C6D4D-D63C-4149-86DB-E3EA8F6CA5F6}.Release|Any CPU.Build.0 = Release|Any CPU
		{6B081AA3-19FD-4111-AFA3-96AD4C07FDD0}.Debug|Any CPU.ActiveCfg = Debug|Any CPU
		{6B081AA3-19FD-4111-AFA3-96AD4C07FDD0}.Debug|Any CPU.Build.0 = Debug|Any CPU
		{6B081AA3-19FD-4111-AFA3-96AD4C07FDD0}.Release|Any CPU.ActiveCfg = Release|Any CPU
		{6B081AA3-19FD-4111-AFA3-96AD4C07FDD0}.Release|Any CPU.Build.0 = Release|Any CPU
		{B07485B8-11C1-4425-AFC3-641B54906758}.Debug|Any CPU.ActiveCfg = Debug|Any CPU
		{B07485B8-11C1-4425-AFC3-641B54906758}.Debug|Any CPU.Build.0 = Debug|Any CPU
		{B07485B8-11C1-4425-AFC3-641B54906758}.Release|Any CPU.ActiveCfg = Release|Any CPU
		{B07485B8-11C1-4425-AFC3-641B54906758}.Release|Any CPU.Build.0 = Release|Any CPU
		{3AD74EE9-DF3E-488E-8170-317C233742A9}.Debug|Any CPU.ActiveCfg = Debug|Any CPU
		{3AD74EE9-DF3E-488E-8170-317C233742A9}.Debug|Any CPU.Build.0 = Debug|Any CPU
		{3AD74EE9-DF3E-488E-8170-317C233742A9}.Release|Any CPU.ActiveCfg = Release|Any CPU
		{3AD74EE9-DF3E-488E-8170-317C233742A9}.Release|Any CPU.Build.0 = Release|Any CPU
		{A3B10DD0-50C4-4383-845E-CF7E0C2FE8BD}.Debug|Any CPU.ActiveCfg = Debug|Any CPU
		{A3B10DD0-50C4-4383-845E-CF7E0C2FE8BD}.Debug|Any CPU.Build.0 = Debug|Any CPU
		{A3B10DD0-50C4-4383-845E-CF7E0C2FE8BD}.Release|Any CPU.ActiveCfg = Release|Any CPU
		{A3B10DD0-50C4-4383-845E-CF7E0C2FE8BD}.Release|Any CPU.Build.0 = Release|Any CPU
		{F27AAE56-B0AB-4A01-8893-75DEEE7CC71D}.Debug|Any CPU.ActiveCfg = Debug|Any CPU
		{F27AAE56-B0AB-4A01-8893-75DEEE7CC71D}.Debug|Any CPU.Build.0 = Debug|Any CPU
		{F27AAE56-B0AB-4A01-8893-75DEEE7CC71D}.Release|Any CPU.ActiveCfg = Release|Any CPU
		{F27AAE56-B0AB-4A01-8893-75DEEE7CC71D}.Release|Any CPU.Build.0 = Release|Any CPU
		{B5F2EB7A-A925-4A05-9402-0955197C6831}.Debug|Any CPU.ActiveCfg = Debug|Any CPU
		{B5F2EB7A-A925-4A05-9402-0955197C6831}.Debug|Any CPU.Build.0 = Debug|Any CPU
		{B5F2EB7A-A925-4A05-9402-0955197C6831}.Release|Any CPU.ActiveCfg = Release|Any CPU
		{B5F2EB7A-A925-4A05-9402-0955197C6831}.Release|Any CPU.Build.0 = Release|Any CPU
	EndGlobalSection
	GlobalSection(SolutionProperties) = preSolution
		HideSolutionNode = FALSE
	EndGlobalSection
	GlobalSection(NestedProjects) = preSolution
		{73E13D9C-47F8-48D5-AF76-1EE3736F7960} = {E719B469-1062-48F2-AD67-909220689431}
		{18FB6704-1E4F-488B-99FE-9B771C55AED7} = {E719B469-1062-48F2-AD67-909220689431}
		{C96D99A9-B419-49C9-9DA3-CD586F7CDD83} = {E719B469-1062-48F2-AD67-909220689431}
		{A3B10DD0-50C4-4383-845E-CF7E0C2FE8BD} = {E719B469-1062-48F2-AD67-909220689431}
	EndGlobalSection
EndGlobal
